
Microsoft Visual Studio Solution File, Format Version 12.00
# Visual Studio Version 17
VisualStudioVersion = 17.5.33424.131
MinimumVisualStudioVersion = 10.0.40219.1
Project("{FAE04EC0-301F-11D3-BF4B-00C04F79EFBC}") = "Horoscopo", "Horoscopo\Horoscopo.csproj", "{14E73645-7B2C-40C9-BEEC-EBC5BE369482}"
EndProject
Global
	GlobalSection(SolutionConfigurationPlatforms) = preSolution
		Debug|Any CPU = Debug|Any CPU
		Release|Any CPU = Release|Any CPU
	EndGlobalSection
	GlobalSection(ProjectConfigurationPlatforms) = postSolution
		{14E73645-7B2C-40C9-BEEC-EBC5BE369482}.Debug|Any CPU.ActiveCfg = Debug|Any CPU
		{14E73645-7B2C-40C9-BEEC-EBC5BE369482}.Debug|Any CPU.Build.0 = Debug|Any CPU
		{14E73645-7B2C-40C9-BEEC-EBC5BE369482}.Release|Any CPU.ActiveCfg = Release|Any CPU
		{14E73645-7B2C-40C9-BEEC-EBC5BE369482}.Release|Any CPU.Build.0 = Release|Any CPU
	EndGlobalSection
	GlobalSection(SolutionProperties) = preSolution
		HideSolutionNode = FALSE
	EndGlobalSection
	GlobalSection(ExtensibilityGlobals) = postSolution
		SolutionGuid = {A1BD597E-90BE-450A-BB8B-5A27C32830AC}
	EndGlobalSection
EndGlobal
